
Microsoft Visual Studio Solution File, Format Version 12.00
# Visual Studio Version 17
VisualStudioVersion = 17.8.34408.163
MinimumVisualStudioVersion = 10.0.40219.1
Project("{8BC9CEB8-8B4A-11D0-8D11-00A0C91BC942}") = "LauncherLib", "Launcher\Launcher.vcxproj", "{56763223-CF78-4F70-A61E-07BCC36E7E57}"
EndProject
Project("{8BC9CEB8-8B4A-11D0-8D11-00A0C91BC942}") = "CrashHandlerInterop", "CrashHandlerInterop\CrashHandlerInterop.vcxproj", "{EBB9770F-C310-4E58-A13B-53A7209EC262}"
EndProject
Project("{8BC9CEB8-8B4A-11D0-8D11-00A0C91BC942}") = "CrashHandlerExecutable", "CrashHandlerExecutable\CrashHandlerExecutable.vcxproj", "{EA5908E9-83A3-41B2-92FA-70ED5462EEB3}"
EndProject
Project("{8BC9CEB8-8B4A-11D0-8D11-00A0C91BC942}") = "CoreLib", "Core\Core.vcxproj", "{F827FDEA-F2AA-4ED7-845A-0551EDEF4911}"
EndProject
Project("{2150E333-8FDC-42A3-9474-1A3956D46DE8}") = "TestHelpers", "TestHelpers", "{1A7487A0-B38F-4867-BAB3-98FFEEA85005}"
EndProject
Project("{2150E333-8FDC-42A3-9474-1A3956D46DE8}") = "ThirdParty", "ThirdParty", "{1D089776-651C-4B6F-A2FF-E0F7CD6FAEE7}"
EndProject
Project("{8BC9CEB8-8B4A-11D0-8D11-00A0C91BC942}") = "catch2", "ThirdParty\catch2\catch2.vcxproj", "{97DED307-64C8-4285-B51B-6214A3CDD0C7}"
EndProject
Project("{8BC9CEB8-8B4A-11D0-8D11-00A0C91BC942}") = "PrecompiledMain", "PrecompiledMain\PrecompiledMain.vcxproj", "{66FA7406-0FC9-499C-A100-FA59E9E3EA5A}"
EndProject
Project("{2150E333-8FDC-42A3-9474-1A3956D46DE8}") = "Launcher", "Launcher", "{233B5C2A-3B61-4642-B5B1-AE5E604011C4}"
EndProject
Project("{2150E333-8FDC-42A3-9474-1A3956D46DE8}") = "CrashHandler", "CrashHandler", "{6BAE95A7-046F-480C-81B3-8E99FE23BCBD}"
EndProject
Project("{2150E333-8FDC-42A3-9474-1A3956D46DE8}") = "Core", "Core", "{F78F785F-CADD-45D5-BCB2-3406A7D4AC07}"
EndProject
Global
	GlobalSection(SolutionConfigurationPlatforms) = preSolution
		Debug|x64 = Debug|x64
		Development|x64 = Development|x64
		Shipping|x64 = Shipping|x64
		Testing|x64 = Testing|x64
	EndGlobalSection
	GlobalSection(ProjectConfigurationPlatforms) = postSolution
		{56763223-CF78-4F70-A61E-07BCC36E7E57}.Debug|x64.ActiveCfg = Debug|x64
		{56763223-CF78-4F70-A61E-07BCC36E7E57}.Debug|x64.Build.0 = Debug|x64
		{56763223-CF78-4F70-A61E-07BCC36E7E57}.Development|x64.ActiveCfg = Development|x64
		{56763223-CF78-4F70-A61E-07BCC36E7E57}.Development|x64.Build.0 = Development|x64
		{56763223-CF78-4F70-A61E-07BCC36E7E57}.Shipping|x64.ActiveCfg = Shipping|x64
		{56763223-CF78-4F70-A61E-07BCC36E7E57}.Shipping|x64.Build.0 = Shipping|x64
		{56763223-CF78-4F70-A61E-07BCC36E7E57}.Testing|x64.ActiveCfg = Testing|x64
		{56763223-CF78-4F70-A61E-07BCC36E7E57}.Testing|x64.Build.0 = Testing|x64
		{EBB9770F-C310-4E58-A13B-53A7209EC262}.Debug|x64.ActiveCfg = Debug|x64
		{EBB9770F-C310-4E58-A13B-53A7209EC262}.Debug|x64.Build.0 = Debug|x64
		{EBB9770F-C310-4E58-A13B-53A7209EC262}.Development|x64.ActiveCfg = Development|x64
		{EBB9770F-C310-4E58-A13B-53A7209EC262}.Development|x64.Build.0 = Development|x64
		{EBB9770F-C310-4E58-A13B-53A7209EC262}.Shipping|x64.ActiveCfg = Shipping|x64
		{EBB9770F-C310-4E58-A13B-53A7209EC262}.Shipping|x64.Build.0 = Shipping|x64
		{EBB9770F-C310-4E58-A13B-53A7209EC262}.Testing|x64.ActiveCfg = Testing|x64
		{EBB9770F-C310-4E58-A13B-53A7209EC262}.Testing|x64.Build.0 = Testing|x64
		{EA5908E9-83A3-41B2-92FA-70ED5462EEB3}.Debug|x64.ActiveCfg = Debug|x64
		{EA5908E9-83A3-41B2-92FA-70ED5462EEB3}.Debug|x64.Build.0 = Debug|x64
		{EA5908E9-83A3-41B2-92FA-70ED5462EEB3}.Development|x64.ActiveCfg = Development|x64
		{EA5908E9-83A3-41B2-92FA-70ED5462EEB3}.Development|x64.Build.0 = Development|x64
		{EA5908E9-83A3-41B2-92FA-70ED5462EEB3}.Shipping|x64.ActiveCfg = Shipping|x64
		{EA5908E9-83A3-41B2-92FA-70ED5462EEB3}.Shipping|x64.Build.0 = Shipping|x64
		{EA5908E9-83A3-41B2-92FA-70ED5462EEB3}.Testing|x64.ActiveCfg = Testing|x64
		{EA5908E9-83A3-41B2-92FA-70ED5462EEB3}.Testing|x64.Build.0 = Testing|x64
		{F827FDEA-F2AA-4ED7-845A-0551EDEF4911}.Debug|x64.ActiveCfg = Debug|x64
		{F827FDEA-F2AA-4ED7-845A-0551EDEF4911}.Debug|x64.Build.0 = Debug|x64
		{F827FDEA-F2AA-4ED7-845A-0551EDEF4911}.Development|x64.ActiveCfg = Development|x64
		{F827FDEA-F2AA-4ED7-845A-0551EDEF4911}.Development|x64.Build.0 = Development|x64
		{F827FDEA-F2AA-4ED7-845A-0551EDEF4911}.Shipping|x64.ActiveCfg = Shipping|x64
		{F827FDEA-F2AA-4ED7-845A-0551EDEF4911}.Shipping|x64.Build.0 = Shipping|x64
		{F827FDEA-F2AA-4ED7-845A-0551EDEF4911}.Testing|x64.ActiveCfg = Testing|x64
		{F827FDEA-F2AA-4ED7-845A-0551EDEF4911}.Testing|x64.Build.0 = Testing|x64
		{97DED307-64C8-4285-B51B-6214A3CDD0C7}.Debug|x64.ActiveCfg = Debug|x64
		{97DED307-64C8-4285-B51B-6214A3CDD0C7}.Debug|x64.Build.0 = Debug|x64
		{97DED307-64C8-4285-B51B-6214A3CDD0C7}.Development|x64.ActiveCfg = Development|x64
		{97DED307-64C8-4285-B51B-6214A3CDD0C7}.Development|x64.Build.0 = Development|x64
		{97DED307-64C8-4285-B51B-6214A3CDD0C7}.Shipping|x64.ActiveCfg = Shipping|x64
		{97DED307-64C8-4285-B51B-6214A3CDD0C7}.Shipping|x64.Build.0 = Shipping|x64
		{97DED307-64C8-4285-B51B-6214A3CDD0C7}.Testing|x64.ActiveCfg = Testing|x64
		{97DED307-64C8-4285-B51B-6214A3CDD0C7}.Testing|x64.Build.0 = Testing|x64
		{66FA7406-0FC9-499C-A100-FA59E9E3EA5A}.Debug|x64.ActiveCfg = Debug|x64
		{66FA7406-0FC9-499C-A100-FA59E9E3EA5A}.Debug|x64.Build.0 = Debug|x64
		{66FA7406-0FC9-499C-A100-FA59E9E3EA5A}.Development|x64.ActiveCfg = Development|x64
		{66FA7406-0FC9-499C-A100-FA59E9E3EA5A}.Development|x64.Build.0 = Development|x64
		{66FA7406-0FC9-499C-A100-FA59E9E3EA5A}.Shipping|x64.ActiveCfg = Shipping|x64
		{66FA7406-0FC9-499C-A100-FA59E9E3EA5A}.Shipping|x64.Build.0 = Shipping|x64
		{66FA7406-0FC9-499C-A100-FA59E9E3EA5A}.Testing|x64.ActiveCfg = Testing|x64
		{66FA7406-0FC9-499C-A100-FA59E9E3EA5A}.Testing|x64.Build.0 = Testing|x64
	EndGlobalSection
	GlobalSection(SolutionProperties) = preSolution
		HideSolutionNode = FALSE
	EndGlobalSection
	GlobalSection(NestedProjects) = preSolution
		{56763223-CF78-4F70-A61E-07BCC36E7E57} = {233B5C2A-3B61-4642-B5B1-AE5E604011C4}
		{EBB9770F-C310-4E58-A13B-53A7209EC262} = {6BAE95A7-046F-480C-81B3-8E99FE23BCBD}
		{EA5908E9-83A3-41B2-92FA-70ED5462EEB3} = {6BAE95A7-046F-480C-81B3-8E99FE23BCBD}
		{F827FDEA-F2AA-4ED7-845A-0551EDEF4911} = {F78F785F-CADD-45D5-BCB2-3406A7D4AC07}
		{97DED307-64C8-4285-B51B-6214A3CDD0C7} = {1D089776-651C-4B6F-A2FF-E0F7CD6FAEE7}
		{66FA7406-0FC9-499C-A100-FA59E9E3EA5A} = {1A7487A0-B38F-4867-BAB3-98FFEEA85005}
	EndGlobalSection
	GlobalSection(ExtensibilityGlobals) = postSolution
		SolutionGuid = {01D0B71C-D6CC-448F-8DFA-8864AE771609}
	EndGlobalSection
EndGlobal
