Microsoft Visual Studio Solution File, Format Version 12.00
# Visual Studio Version 17
VisualStudioVersion = 17.12.35323.107
MinimumVisualStudioVersion = 10.0.40219.1
Project("{8BC9CEB8-8B4A-11D0-8D11-00A0C91BC942}") = "Core", "Core\Core.vcxproj", "{75094858-C3B5-4917-83A3-53491E535BAC}"
EndProject
Project("{8BC9CEB8-8B4A-11D0-8D11-00A0C91BC942}") = "UnitTestFramework", "UnitTestFramework\UnitTestFramework.vcxproj", "{B1A3319B-5A14-43E1-B268-82D96BA9C88D}"
EndProject
Project("{8BC9CEB8-8B4A-11D0-8D11-00A0C91BC942}") = "GameEngineProjectTemplate", "GameEngineProjectTemplate\GameEngineProjectTemplate.vcxproj", "{B342E31C-5AF6-4524-B5CA-0D8B2E207806}"
EndProject
Project("{8BC9CEB8-8B4A-11D0-8D11-00A0C91BC942}") = "CoreTests", "CoreTests\CoreTests.vcxproj", "{C2ABE3E7-8710-4A72-B6E2-838C95BB3B9C}"
EndProject
Project("{8BC9CEB8-8B4A-11D0-8D11-00A0C91BC942}") = "RapidJson", "ThirdParty\RapidJson\RapidJson.vcxproj", "{EB6C950B-7B01-4B6A-A443-EED1C3188112}"
EndProject
Project("{8BC9CEB8-8B4A-11D0-8D11-00A0C91BC942}") = "BuildSystem", "Tools\BuildSystem\BuildSystem.vcxproj", "{595E5C0D-D6DF-4FBA-B334-EECC262AB66C}"
EndProject
Project("{8BC9CEB8-8B4A-11D0-8D11-00A0C91BC942}") = "xxhash", "ThirdParty\xxhash\xxhash.vcxproj", "{5FD0D603-860F-4457-B726-2CC63BA62990}"
EndProject
Global
	GlobalSection(SolutionConfigurationPlatforms) = preSolution
		Debug|x64 = Debug|x64
		Release|x64 = Release|x64
	EndGlobalSection
	GlobalSection(ProjectConfigurationPlatforms) = postSolution
		{75094858-C3B5-4917-83A3-53491E535BAC}.Debug|x64.ActiveCfg = Debug|x64
		{75094858-C3B5-4917-83A3-53491E535BAC}.Debug|x64.Build.0 = Debug|x64
		{75094858-C3B5-4917-83A3-53491E535BAC}.Release|x64.ActiveCfg = Release|x64
		{75094858-C3B5-4917-83A3-53491E535BAC}.Release|x64.Build.0 = Release|x64
		{B1A3319B-5A14-43E1-B268-82D96BA9C88D}.Debug|x64.ActiveCfg = Debug|x64
		{B1A3319B-5A14-43E1-B268-82D96BA9C88D}.Debug|x64.Build.0 = Debug|x64
		{B1A3319B-5A14-43E1-B268-82D96BA9C88D}.Release|x64.ActiveCfg = Release|x64
		{B1A3319B-5A14-43E1-B268-82D96BA9C88D}.Release|x64.Build.0 = Release|x64
		{B342E31C-5AF6-4524-B5CA-0D8B2E207806}.Debug|x64.ActiveCfg = Debug|x64
		{B342E31C-5AF6-4524-B5CA-0D8B2E207806}.Debug|x64.Build.0 = Debug|x64
		{B342E31C-5AF6-4524-B5CA-0D8B2E207806}.Release|x64.ActiveCfg = Release|x64
		{B342E31C-5AF6-4524-B5CA-0D8B2E207806}.Release|x64.Build.0 = Release|x64
		{C2ABE3E7-8710-4A72-B6E2-838C95BB3B9C}.Debug|x64.ActiveCfg = Debug|x64
		{C2ABE3E7-8710-4A72-B6E2-838C95BB3B9C}.Debug|x64.Build.0 = Debug|x64
		{C2ABE3E7-8710-4A72-B6E2-838C95BB3B9C}.Release|x64.ActiveCfg = Release|x64
		{C2ABE3E7-8710-4A72-B6E2-838C95BB3B9C}.Release|x64.Build.0 = Release|x64
		{EB6C950B-7B01-4B6A-A443-EED1C3188112}.Debug|x64.ActiveCfg = Debug|x64
		{EB6C950B-7B01-4B6A-A443-EED1C3188112}.Debug|x64.Build.0 = Debug|x64
		{EB6C950B-7B01-4B6A-A443-EED1C3188112}.Release|x64.ActiveCfg = Release|x64
		{EB6C950B-7B01-4B6A-A443-EED1C3188112}.Release|x64.Build.0 = Release|x64
		{595E5C0D-D6DF-4FBA-B334-EECC262AB66C}.Debug|x64.ActiveCfg = Debug|x64
		{595E5C0D-D6DF-4FBA-B334-EECC262AB66C}.Debug|x64.Build.0 = Debug|x64
		{595E5C0D-D6DF-4FBA-B334-EECC262AB66C}.Release|x64.ActiveCfg = Release|x64
		{595E5C0D-D6DF-4FBA-B334-EECC262AB66C}.Release|x64.Build.0 = Release|x64
		{5FD0D603-860F-4457-B726-2CC63BA62990}.Debug|x64.ActiveCfg = Debug|x64
		{5FD0D603-860F-4457-B726-2CC63BA62990}.Debug|x64.Build.0 = Debug|x64
		{5FD0D603-860F-4457-B726-2CC63BA62990}.Release|x64.ActiveCfg = Release|x64
		{5FD0D603-860F-4457-B726-2CC63BA62990}.Release|x64.Build.0 = Release|x64
	EndGlobalSection
	GlobalSection(SolutionProperties) = preSolution
		HideSolutionNode = FALSE
	EndGlobalSection
	GlobalSection(ExtensibilityGlobals) = postSolution
		SolutionGuid = {75C4C805-8420-4B8B-88EA-14E0BE3A27EF}
	EndGlobalSection
EndGlobal
